
Microsoft Visual Studio Solution File, Format Version 12.00
# Visual Studio Version 17
VisualStudioVersion = 17.6.33815.320
MinimumVisualStudioVersion = 10.0.40219.1
Project("{2150E333-8FDC-42A3-9474-1A3956D46DE8}") = "src", "src", "{9E6FB2AA-BBDA-4E1B-8A33-5218BE55383A}"
EndProject
Project("{9A19103F-16F7-4668-BE54-9A1E7A4F7556}") = "AppleStore.WebApi", "src\ApplesStore.WebApi\AppleStore.WebApi.csproj", "{1EEA99CB-70F7-4B90-9E24-4E0169F2AF17}"
EndProject
Project("{9A19103F-16F7-4668-BE54-9A1E7A4F7556}") = "AppleStore.Domain", "src\ApplesStore.Domain\AppleStore.Domain.csproj", "{8B75D09F-6375-48E0-B96F-9DD0863382EF}"
EndProject
Project("{9A19103F-16F7-4668-BE54-9A1E7A4F7556}") = "AppleStore.DataAccess", "src\ApplesStore.DataAccess\AppleStore.DataAccess.csproj", "{31314705-3941-41C3-A52E-D0691B6D05A7}"
EndProject
Project("{9A19103F-16F7-4668-BE54-9A1E7A4F7556}") = "AppleStore.Service", "src\AppleStore.Service\AppleStore.Service.csproj", "{68748DD7-C941-49DB-BB33-58EBF5E3ADAE}"
EndProject
Project("{2150E333-8FDC-42A3-9474-1A3956D46DE8}") = "test", "test", "{3690DDA5-A485-48C5-B4CC-8B6BCE33EB4A}"
EndProject
Project("{FAE04EC0-301F-11D3-BF4B-00C04F79EFBC}") = "AppleStore.UnitTest", "test\AppleStore.UnitTest\AppleStore.UnitTest.csproj", "{F2C273B3-AAC6-43B8-A6A7-1657C96E43D2}"
EndProject
Global
	GlobalSection(SolutionConfigurationPlatforms) = preSolution
		Debug|Any CPU = Debug|Any CPU
		Release|Any CPU = Release|Any CPU
	EndGlobalSection
	GlobalSection(ProjectConfigurationPlatforms) = postSolution
		{1EEA99CB-70F7-4B90-9E24-4E0169F2AF17}.Debug|Any CPU.ActiveCfg = Debug|Any CPU
		{1EEA99CB-70F7-4B90-9E24-4E0169F2AF17}.Debug|Any CPU.Build.0 = Debug|Any CPU
		{1EEA99CB-70F7-4B90-9E24-4E0169F2AF17}.Release|Any CPU.ActiveCfg = Release|Any CPU
		{1EEA99CB-70F7-4B90-9E24-4E0169F2AF17}.Release|Any CPU.Build.0 = Release|Any CPU
		{8B75D09F-6375-48E0-B96F-9DD0863382EF}.Debug|Any CPU.ActiveCfg = Debug|Any CPU
		{8B75D09F-6375-48E0-B96F-9DD0863382EF}.Debug|Any CPU.Build.0 = Debug|Any CPU
		{8B75D09F-6375-48E0-B96F-9DD0863382EF}.Release|Any CPU.ActiveCfg = Release|Any CPU
		{8B75D09F-6375-48E0-B96F-9DD0863382EF}.Release|Any CPU.Build.0 = Release|Any CPU
		{31314705-3941-41C3-A52E-D0691B6D05A7}.Debug|Any CPU.ActiveCfg = Debug|Any CPU
		{31314705-3941-41C3-A52E-D0691B6D05A7}.Debug|Any CPU.Build.0 = Debug|Any CPU
		{31314705-3941-41C3-A52E-D0691B6D05A7}.Release|Any CPU.ActiveCfg = Release|Any CPU
		{31314705-3941-41C3-A52E-D0691B6D05A7}.Release|Any CPU.Build.0 = Release|Any CPU
		{68748DD7-C941-49DB-BB33-58EBF5E3ADAE}.Debug|Any CPU.ActiveCfg = Debug|Any CPU
		{68748DD7-C941-49DB-BB33-58EBF5E3ADAE}.Debug|Any CPU.Build.0 = Debug|Any CPU
		{68748DD7-C941-49DB-BB33-58EBF5E3ADAE}.Release|Any CPU.ActiveCfg = Release|Any CPU
		{68748DD7-C941-49DB-BB33-58EBF5E3ADAE}.Release|Any CPU.Build.0 = Release|Any CPU
		{F2C273B3-AAC6-43B8-A6A7-1657C96E43D2}.Debug|Any CPU.ActiveCfg = Debug|Any CPU
		{F2C273B3-AAC6-43B8-A6A7-1657C96E43D2}.Debug|Any CPU.Build.0 = Debug|Any CPU
		{F2C273B3-AAC6-43B8-A6A7-1657C96E43D2}.Release|Any CPU.ActiveCfg = Release|Any CPU
		{F2C273B3-AAC6-43B8-A6A7-1657C96E43D2}.Release|Any CPU.Build.0 = Release|Any CPU
	EndGlobalSection
	GlobalSection(SolutionProperties) = preSolution
		HideSolutionNode = FALSE
	EndGlobalSection
	GlobalSection(NestedProjects) = preSolution
		{1EEA99CB-70F7-4B90-9E24-4E0169F2AF17} = {9E6FB2AA-BBDA-4E1B-8A33-5218BE55383A}
		{8B75D09F-6375-48E0-B96F-9DD0863382EF} = {9E6FB2AA-BBDA-4E1B-8A33-5218BE55383A}
		{31314705-3941-41C3-A52E-D0691B6D05A7} = {9E6FB2AA-BBDA-4E1B-8A33-5218BE55383A}
		{68748DD7-C941-49DB-BB33-58EBF5E3ADAE} = {9E6FB2AA-BBDA-4E1B-8A33-5218BE55383A}
		{F2C273B3-AAC6-43B8-A6A7-1657C96E43D2} = {3690DDA5-A485-48C5-B4CC-8B6BCE33EB4A}
	EndGlobalSection
	GlobalSection(ExtensibilityGlobals) = postSolution
		SolutionGuid = {91A355CF-1FFB-4A89-A18F-D462CC51A50E}
	EndGlobalSection
EndGlobal
